// !$*UTF8*$!
{
	archiveVersion = 1;
	classes = {
	};
	objectVersion = 50;
	objects = {

/* Begin PBXBuildFile section */
		3636221D247A966900C488FA /* AppDelegate.swift in Sources */ = {isa = PBXBuildFile; fileRef = 3636221C247A966900C488FA /* AppDelegate.swift */; };
		3636221F247A966900C488FA /* SceneDelegate.swift in Sources */ = {isa = PBXBuildFile; fileRef = 3636221E247A966900C488FA /* SceneDelegate.swift */; };
		36362221247A966900C488FA /* ContentView.swift in Sources */ = {isa = PBXBuildFile; fileRef = 36362220247A966900C488FA /* ContentView.swift */; };
		36362223247A966B00C488FA /* Assets.xcassets in Resources */ = {isa = PBXBuildFile; fileRef = 36362222247A966B00C488FA /* Assets.xcassets */; };
		36362226247A966B00C488FA /* Preview Assets.xcassets in Resources */ = {isa = PBXBuildFile; fileRef = 36362225247A966B00C488FA /* Preview Assets.xcassets */; };
		36362229247A966B00C488FA /* LaunchScreen.storyboard in Resources */ = {isa = PBXBuildFile; fileRef = 36362227247A966B00C488FA /* LaunchScreen.storyboard */; };
		36362231247A969000C488FA /* KeyboardHeightHelper.swift in Sources */ = {isa = PBXBuildFile; fileRef = 36362230247A969000C488FA /* KeyboardHeightHelper.swift */; };
/* End PBXBuildFile section */

/* Begin PBXFileReference section */
		36362219247A966900C488FA /* KeyboardHeightPublisher.app */ = {isa = PBXFileReference; explicitFileType = wrapper.application; includeInIndex = 0; path = KeyboardHeightPublisher.app; sourceTree = BUILT_PRODUCTS_DIR; };
		3636221C247A966900C488FA /* AppDelegate.swift */ = {isa = PBXFileReference; lastKnownFileType = sourcecode.swift; path = AppDelegate.swift; sourceTree = "<group>"; };
		3636221E247A966900C488FA /* SceneDelegate.swift */ = {isa = PBXFileReference; lastKnownFileType = sourcecode.swift; path = SceneDelegate.swift; sourceTree = "<group>"; };
		36362220247A966900C488FA /* ContentView.swift */ = {isa = PBXFileReference; lastKnownFileType = sourcecode.swift; path = ContentView.swift; sourceTree = "<group>"; };
		36362222247A966B00C488FA /* Assets.xcassets */ = {isa = PBXFileReference; lastKnownFileType = folder.assetcatalog; path = Assets.xcassets; sourceTree = "<group>"; };
		36362225247A966B00C488FA /* Preview Assets.xcassets */ = {isa = PBXFileReference; lastKnownFileType = folder.assetcatalog; path = "Preview Assets.xcassets"; sourceTree = "<group>"; };
		36362228247A966B00C488FA /* Base */ = {isa = PBXFileReference; lastKnownFileType = file.storyboard; name = Base; path = Base.lproj/LaunchScreen.storyboard; sourceTree = "<group>"; };
		3636222A247A966B00C488FA /* Info.plist */ = {isa = PBXFileReference; lastKnownFileType = text.plist.xml; path = Info.plist; sourceTree = "<group>"; };
		36362230247A969000C488FA /* KeyboardHeightHelper.swift */ = {isa = PBXFileReference; lastKnownFileType = sourcecode.swift; path = KeyboardHeightHelper.swift; sourceTree = "<group>"; };
/* End PBXFileReference section */

/* Begin PBXFrameworksBuildPhase section */
		36362216247A966900C488FA /* Frameworks */ = {
			isa = PBXFrameworksBuildPhase;
			buildActionMask = 2147483647;
			files = (
			);
			runOnlyForDeploymentPostprocessing = 0;
		};
/* End PBXFrameworksBuildPhase section */

/* Begin PBXGroup section */
		36362210247A966900C488FA = {
			isa = PBXGroup;
			children = (
				3636221B247A966900C488FA /* KeyboardHeightPublisher */,
				3636221A247A966900C488FA /* Products */,
			);
			sourceTree = "<group>";
		};
		3636221A247A966900C488FA /* Products */ = {
			isa = PBXGroup;
			children = (
				36362219247A966900C488FA /* KeyboardHeightPublisher.app */,
			);
			name = Products;
			sourceTree = "<group>";
		};
		3636221B247A966900C488FA /* KeyboardHeightPublisher */ = {
			isa = PBXGroup;
			children = (
				3636221C247A966900C488FA /* AppDelegate.swift */,
				3636221E247A966900C488FA /* SceneDelegate.swift */,
				36362220247A966900C488FA /* ContentView.swift */,
				36362222247A966B00C488FA /* Assets.xcassets */,
				36362227247A966B00C488FA /* LaunchScreen.storyboard */,
				3636222A247A966B00C488FA /* Info.plist */,
				36362224247A966B00C488FA /* Preview Content */,
				36362230247A969000C488FA /* KeyboardHeightHelper.swift */,
			);
			path = KeyboardHeightPublisher;
			sourceTree = "<group>";
		};
		36362224247A966B00C488FA /* Preview Content */ = {
			isa = PBXGroup;
			children = (
				36362225247A966B00C488FA /* Preview Assets.xcassets */,
			);
			path = "Preview Content";
			sourceTree = "<group>";
		};
/* End PBXGroup section */

/* Begin PBXNativeTarget section */
		36362218247A966900C488FA /* KeyboardHeightPublisher */ = {
			isa = PBXNativeTarget;
			buildConfigurationList = 3636222D247A966B00C488FA /* Build configuration list for PBXNativeTarget "KeyboardHeightPublisher" */;
			buildPhases = (
				36362215247A966900C488FA /* Sources */,
				36362216247A966900C488FA /* Frameworks */,
				36362217247A966900C488FA /* Resources */,
			);
			buildRules = (
			);
			dependencies = (
			);
			name = KeyboardHeightPublisher;
			productName = KeyboardHeightPublisher;
			productReference = 36362219247A966900C488FA /* KeyboardHeightPublisher.app */;
			productType = "com.apple.product-type.application";
		};
/* End PBXNativeTarget section */

/* Begin PBXProject section */
		36362211247A966900C488FA /* Project object */ = {
			isa = PBXProject;
			attributes = {
				LastSwiftUpdateCheck = 1140;
				LastUpgradeCheck = 1140;
				ORGANIZATIONNAME = ProgrammingWithSwift;
				TargetAttributes = {
					36362218247A966900C488FA = {
						CreatedOnToolsVersion = 11.4.1;
					};
				};
			};
			buildConfigurationList = 36362214247A966900C488FA /* Build configuration list for PBXProject "KeyboardHeightPublisher" */;
			compatibilityVersion = "Xcode 9.3";
			developmentRegion = en;
			hasScannedForEncodings = 0;
			knownRegions = (
				en,
				Base,
			);
			mainGroup = 36362210247A966900C488FA;
			productRefGroup = 3636221A247A966900C488FA /* Products */;
			projectDirPath = "";
			projectRoot = "";
			targets = (
				36362218247A966900C488FA /* KeyboardHeightPublisher */,
			);
		};
/* End PBXProject section */

/* Begin PBXResourcesBuildPhase section */
		36362217247A966900C488FA /* Resources */ = {
			isa = PBXResourcesBuildPhase;
			buildActionMask = 2147483647;
			files = (
				36362229247A966B00C488FA /* LaunchScreen.storyboard in Resources */,
				36362226247A966B00C488FA /* Preview Assets.xcassets in Resources */,
				36362223247A966B00C488FA /* Assets.xcassets in Resources */,
			);
			runOnlyForDeploymentPostprocessing = 0;
		};
/* End PBXResourcesBuildPhase section */

/* Begin PBXSourcesBuildPhase section */
		36362215247A966900C488FA /* Sources */ = {
			isa = PBXSourcesBuildPhase;
			buildActionMask = 2147483647;
			files = (
				3636221D247A966900C488FA /* AppDelegate.swift in Sources */,
				3636221F247A966900C488FA /* SceneDelegate.swift in Sources */,
				36362221247A966900C488FA /* ContentView.swift in Sources */,
				36362231247A969000C488FA /* KeyboardHeightHelper.swift in Sources */,
			);
			runOnlyForDeploymentPostprocessing = 0;
		};
/* End PBXSourcesBuildPhase section */

/* Begin PBXVariantGroup section */
		36362227247A966B00C488FA /* LaunchScreen.storyboard */ = {
			isa = PBXVariantGroup;
			children = (
				36362228247A966B00C488FA /* Base */,
			);
			name = LaunchScreen.storyboard;
			sourceTree = "<group>";
		};
/* End PBXVariantGroup section */

/* Begin XCBuildConfiguration section */
		3636222B247A966B00C488FA /* Debug */ = {
			isa = XCBuildConfiguration;
			buildSettings = {
				ALWAYS_SEARCH_USER_PATHS = NO;
				CLANG_ANALYZER_NONNULL = YES;
				CLANG_ANALYZER_NUMBER_OBJECT_CONVERSION = YES_AGGRESSIVE;
				CLANG_CXX_LANGUAGE_STANDARD = "gnu++14";
				CLANG_CXX_LIBRARY = "libc++";
				CLANG_ENABLE_MODULES = YES;
				CLANG_ENABLE_OBJC_ARC = YES;
				CLANG_ENABLE_OBJC_WEAK = YES;
				CLANG_WARN_BLOCK_CAPTURE_AUTORELEASING = YES;
				CLANG_WARN_BOOL_CONVERSION = YES;
				CLANG_WARN_COMMA = YES;
				CLANG_WARN_CONSTANT_CONVERSION = YES;
				CLANG_WARN_DEPRECATED_OBJC_IMPLEMENTATIONS = YES;
				CLANG_WARN_DIRECT_OBJC_ISA_USAGE = YES_ERROR;
				CLANG_WARN_DOCUMENTATION_COMMENTS = YES;
				CLANG_WARN_EMPTY_BODY = YES;
				CLANG_WARN_ENUM_CONVERSION = YES;
				CLANG_WARN_INFINITE_RECURSION = YES;
				CLANG_WARN_INT_CONVERSION = YES;
				CLANG_WARN_NON_LITERAL_NULL_CONVERSION = YES;
				CLANG_WARN_OBJC_IMPLICIT_RETAIN_SELF = YES;
				CLANG_WARN_OBJC_LITERAL_CONVERSION = YES;
				CLANG_WARN_OBJC_ROOT_CLASS = YES_ERROR;
				CLANG_WARN_RANGE_LOOP_ANALYSIS = YES;
				CLANG_WARN_STRICT_PROTOTYPES = YES;
				CLANG_WARN_SUSPICIOUS_MOVE = YES;
				CLANG_WARN_UNGUARDED_AVAILABILITY = YES_AGGRESSIVE;
				CLANG_WARN_UNREACHABLE_CODE = YES;
				CLANG_WARN__DUPLICATE_METHOD_MATCH = YES;
				COPY_PHASE_STRIP = NO;
				DEBUG_INFORMATION_FORMAT = dwarf;
				ENABLE_STRICT_OBJC_MSGSEND = YES;
				ENABLE_TESTABILITY = YES;
				GCC_C_LANGUAGE_STANDARD = gnu11;
				GCC_DYNAMIC_NO_PIC = NO;
				GCC_NO_COMMON_BLOCKS = YES;
				GCC_OPTIMIZATION_LEVEL = 0;
				GCC_PREPROCESSOR_DEFINITIONS = (
					"DEBUG=1",
					"$(inherited)",
				);
				GCC_WARN_64_TO_32_BIT_CONVERSION = YES;
				GCC_WARN_ABOUT_RETURN_TYPE = YES_ERROR;
				GCC_WARN_UNDECLARED_SELECTOR = YES;
				GCC_WARN_UNINITIALIZED_AUTOS = YES_AGGRESSIVE;
				GCC_WARN_UNUSED_FUNCTION = YES;
				GCC_WARN_UNUSED_VARIABLE = YES;
				IPHONEOS_DEPLOYMENT_TARGET = 13.4;
				MTL_ENABLE_DEBUG_INFO = INCLUDE_SOURCE;
				MTL_FAST_MATH = YES;
				ONLY_ACTIVE_ARCH = YES;
				SDKROOT = iphoneos;
				SWIFT_ACTIVE_COMPILATION_CONDITIONS = DEBUG;
				SWIFT_OPTIMIZATION_LEVEL = "-Onone";
			};
			name = Debug;
		};
		3636222C247A966B00C488FA /* Release */ = {
			isa = XCBuildConfiguration;
			buildSettings = {
				ALWAYS_SEARCH_USER_PATHS = NO;
				CLANG_ANALYZER_NONNULL = YES;
				CLANG_ANALYZER_NUMBER_OBJECT_CONVERSION = YES_AGGRESSIVE;
				CLANG_CXX_LANGUAGE_STANDARD = "gnu++14";
				CLANG_CXX_LIBRARY = "libc++";
				CLANG_ENABLE_MODULES = YES;
				CLANG_ENABLE_OBJC_ARC = YES;
				CLANG_ENABLE_OBJC_WEAK = YES;
				CLANG_WARN_BLOCK_CAPTURE_AUTORELEASING = YES;
				CLANG_WARN_BOOL_CONVERSION = YES;
				CLANG_WARN_COMMA = YES;
				CLANG_WARN_CONSTANT_CONVERSION = YES;
				CLANG_WARN_DEPRECATED_OBJC_IMPLEMENTATIONS = YES;
				CLANG_WARN_DIRECT_OBJC_ISA_USAGE = YES_ERROR;
				CLANG_WARN_DOCUMENTATION_COMMENTS = YES;
				CLANG_WARN_EMPTY_BODY = YES;
				CLANG_WARN_ENUM_CONVERSION = YES;
				CLANG_WARN_INFINITE_RECURSION = YES;
				CLANG_WARN_INT_CONVERSION = YES;
				CLANG_WARN_NON_LITERAL_NULL_CONVERSION = YES;
				CLANG_WARN_OBJC_IMPLICIT_RETAIN_SELF = YES;
				CLANG_WARN_OBJC_LITERAL_CONVERSION = YES;
				CLANG_WARN_OBJC_ROOT_CLASS = YES_ERROR;
				CLANG_WARN_RANGE_LOOP_ANALYSIS = YES;
				CLANG_WARN_STRICT_PROTOTYPES = YES;
				CLANG_WARN_SUSPICIOUS_MOVE = YES;
				CLANG_WARN_UNGUARDED_AVAILABILITY = YES_AGGRESSIVE;
				CLANG_WARN_UNREACHABLE_CODE = YES;
				CLANG_WARN__DUPLICATE_METHOD_MATCH = YES;
				COPY_PHASE_STRIP = NO;
				DEBUG_INFORMATION_FORMAT = "dwarf-with-dsym";
				ENABLE_NS_ASSERTIONS = NO;
				ENABLE_STRICT_OBJC_MSGSEND = YES;
				GCC_C_LANGUAGE_STANDARD = gnu11;
				GCC_NO_COMMON_BLOCKS = YES;
				GCC_WARN_64_TO_32_BIT_CONVERSION = YES;
				GCC_WARN_ABOUT_RETURN_TYPE = YES_ERROR;
				GCC_WARN_UNDECLARED_SELECTOR = YES;
				GCC_WARN_UNINITIALIZED_AUTOS = YES_AGGRESSIVE;
				GCC_WARN_UNUSED_FUNCTION = YES;
				GCC_WARN_UNUSED_VARIABLE = YES;
				IPHONEOS_DEPLOYMENT_TARGET = 13.4;
				MTL_ENABLE_DEBUG_INFO = NO;
				MTL_FAST_MATH = YES;
				SDKROOT = iphoneos;
				SWIFT_COMPILATION_MODE = wholemodule;
				SWIFT_OPTIMIZATION_LEVEL = "-O";
				VALIDATE_PRODUCT = YES;
			};
			name = Release;
		};
		3636222E247A966B00C488FA /* Debug */ = {
			isa = XCBuildConfiguration;
			buildSettings = {
				ASSETCATALOG_COMPILER_APPICON_NAME = AppIcon;
				CODE_SIGN_STYLE = Automatic;
				DEVELOPMENT_ASSET_PATHS = "\"KeyboardHeightPublisher/Preview Content\"";
				DEVELOPMENT_TEAM = 6WB5V8NBJ5;
				ENABLE_PREVIEWS = YES;
				INFOPLIST_FILE = KeyboardHeightPublisher/Info.plist;
				LD_RUNPATH_SEARCH_PATHS = (
					"$(inherited)",
					"@executable_path/Frameworks",
				);
				PRODUCT_BUNDLE_IDENTIFIER = com.programmingwithswift.KeyboardHeightPublisher;
				PRODUCT_NAME = "$(TARGET_NAME)";
				SWIFT_VERSION = 5.0;
				TARGETED_DEVICE_FAMILY = "1,2";
			};
			name = Debug;
		};
		3636222F247A966B00C488FA /* Release */ = {
			isa = XCBuildConfiguration;
			buildSettings = {
				ASSETCATALOG_COMPILER_APPICON_NAME = AppIcon;
				CODE_SIGN_STYLE = Automatic;
				DEVELOPMENT_ASSET_PATHS = "\"KeyboardHeightPublisher/Preview Content\"";
				DEVELOPMENT_TEAM = 6WB5V8NBJ5;
				ENABLE_PREVIEWS = YES;
				INFOPLIST_FILE = KeyboardHeightPublisher/Info.plist;
				LD_RUNPATH_SEARCH_PATHS = (
					"$(inherited)",
					"@executable_path/Frameworks",
				);
				PRODUCT_BUNDLE_IDENTIFIER = com.programmingwithswift.KeyboardHeightPublisher;
				PRODUCT_NAME = "$(TARGET_NAME)";
				SWIFT_VERSION = 5.0;
				TARGETED_DEVICE_FAMILY = "1,2";
			};
			name = Release;
		};
/* End XCBuildConfiguration section */

/* Begin XCConfigurationList section */
		36362214247A966900C488FA /* Build configuration list for PBXProject "KeyboardHeightPublisher" */ = {
			isa = XCConfigurationList;
			buildConfigurations = (
				3636222B247A966B00C488FA /* Debug */,
				3636222C247A966B00C488FA /* Release */,
			);
			defaultConfigurationIsVisible = 0;
			defaultConfigurationName = Release;
		};
		3636222D247A966B00C488FA /* Build configuration list for PBXNativeTarget "KeyboardHeightPublisher" */ = {
			isa = XCConfigurationList;
			buildConfigurations = (
				3636222E247A966B00C488FA /* Debug */,
				3636222F247A966B00C488FA /* Release */,
			);
			defaultConfigurationIsVisible = 0;
			defaultConfigurationName = Release;
		};
/* End XCConfigurationList section */
	};
	rootObject = 36362211247A966900C488FA /* Project object */;
}
